
Microsoft Visual Studio Solution File, Format Version 12.00
# Visual Studio Version 17
VisualStudioVersion = 17.11.35312.102
MinimumVisualStudioVersion = 10.0.40219.1
Project("{2150E333-8FDC-42A3-9474-1A3956D46DE8}") = "Task0", "Task0", "{621E4A59-DBEB-450C-BCF7-82FBA5B3914B}"
EndProject
Project("{9A19103F-16F7-4668-BE54-9A1E7A4F7556}") = "Tyuiu.EvseevEI.Sprint3.Task0.V24", "Tyuiu.EvseevEI.Sprint3.Task0.V24\Tyuiu.EvseevEI.Sprint3.Task0.V24.csproj", "{E691E8CB-88C9-4540-B3B1-9684072C672C}"
EndProject
Project("{9A19103F-16F7-4668-BE54-9A1E7A4F7556}") = "Tyuiu.EvseevEI.Sprint3.Task0.V24.Lib", "Tyuiu.EvseevEI.Sprint3.Task0.V24.Lib\Tyuiu.EvseevEI.Sprint3.Task0.V24.Lib.csproj", "{615A0C56-F14F-4489-8E5B-C08FBE025293}"
EndProject
Project("{9A19103F-16F7-4668-BE54-9A1E7A4F7556}") = "Tyuiu.EvseevEI.Sprint3.Task0.V24.Test", "Tyuiu.EvseevEI.Sprint3.Task0.V24.Test\Tyuiu.EvseevEI.Sprint3.Task0.V24.Test.csproj", "{65AF9AB4-607B-4F94-82C3-A66BCE8CE862}"
EndProject
Project("{2150E333-8FDC-42A3-9474-1A3956D46DE8}") = "Task1", "Task1", "{FFBAF97D-ADF6-4051-B227-E5987D1EC535}"
EndProject
Project("{FAE04EC0-301F-11D3-BF4B-00C04F79EFBC}") = "Tyuiu.EvseevEI.Sprint3.Task1.V4", "Tyuiu.EvseevEI.Sprint3.Task1.V4\Tyuiu.EvseevEI.Sprint3.Task1.V4.csproj", "{CF482B5B-9D3A-42A5-8D05-95108553A158}"
EndProject
Project("{FAE04EC0-301F-11D3-BF4B-00C04F79EFBC}") = "Tyuiu.EvseevEI.Sprint3.Task1.V4.Lib", "Tyuiu.EvseevEI.Sprint3.Task1.V4.Lib\Tyuiu.EvseevEI.Sprint3.Task1.V4.Lib.csproj", "{F6F2778C-CFCA-4D29-9D7E-79D9DB7A45FC}"
EndProject
Project("{FAE04EC0-301F-11D3-BF4B-00C04F79EFBC}") = "Tyuiu.EvseevEI.Sprint3.Task1.V4.Test", "Tyuiu.EvseevEI.Sprint3.Task1.V4.Test\Tyuiu.EvseevEI.Sprint3.Task1.V4.Test.csproj", "{AC4C724F-4BAA-428B-8F32-CD062E76695D}"
EndProject
Project("{2150E333-8FDC-42A3-9474-1A3956D46DE8}") = "Task2", "Task2", "{286D7E34-66DF-41C7-A7EA-9934C58963C1}"
EndProject
Project("{FAE04EC0-301F-11D3-BF4B-00C04F79EFBC}") = "Tyuiu.EvseevEI.Sprint3.Task2.V14", "Tyuiu.EvseevEI.Sprint3.Task2.V14\Tyuiu.EvseevEI.Sprint3.Task2.V14.csproj", "{0808BA99-8D75-43F1-997C-9FE3D4E54372}"
EndProject
Project("{FAE04EC0-301F-11D3-BF4B-00C04F79EFBC}") = "Tyuiu.EvseevEI.Sprint3.Task2.V14.Lib", "Tyuiu.EvseevEI.Sprint3.Task2.V14.Lib\Tyuiu.EvseevEI.Sprint3.Task2.V14.Lib.csproj", "{914E2B4E-6488-4E16-9CCD-6AA0A888816D}"
EndProject
Project("{FAE04EC0-301F-11D3-BF4B-00C04F79EFBC}") = "Tyuiu.EvseevEI.Sprint3.Task2.V14.Test", "Tyuiu.EvseevEI.Sprint3.Task2.V14.Test\Tyuiu.EvseevEI.Sprint3.Task2.V14.Test.csproj", "{C3F3D0E4-B737-4492-BC14-9FEB009DD466}"
EndProject
Global
	GlobalSection(SolutionConfigurationPlatforms) = preSolution
		Debug|Any CPU = Debug|Any CPU
		Release|Any CPU = Release|Any CPU
	EndGlobalSection
	GlobalSection(ProjectConfigurationPlatforms) = postSolution
		{E691E8CB-88C9-4540-B3B1-9684072C672C}.Debug|Any CPU.ActiveCfg = Debug|Any CPU
		{E691E8CB-88C9-4540-B3B1-9684072C672C}.Debug|Any CPU.Build.0 = Debug|Any CPU
		{E691E8CB-88C9-4540-B3B1-9684072C672C}.Release|Any CPU.ActiveCfg = Release|Any CPU
		{E691E8CB-88C9-4540-B3B1-9684072C672C}.Release|Any CPU.Build.0 = Release|Any CPU
		{615A0C56-F14F-4489-8E5B-C08FBE025293}.Debug|Any CPU.ActiveCfg = Debug|Any CPU
		{615A0C56-F14F-4489-8E5B-C08FBE025293}.Debug|Any CPU.Build.0 = Debug|Any CPU
		{615A0C56-F14F-4489-8E5B-C08FBE025293}.Release|Any CPU.ActiveCfg = Release|Any CPU
		{615A0C56-F14F-4489-8E5B-C08FBE025293}.Release|Any CPU.Build.0 = Release|Any CPU
		{65AF9AB4-607B-4F94-82C3-A66BCE8CE862}.Debug|Any CPU.ActiveCfg = Debug|Any CPU
		{65AF9AB4-607B-4F94-82C3-A66BCE8CE862}.Debug|Any CPU.Build.0 = Debug|Any CPU
		{65AF9AB4-607B-4F94-82C3-A66BCE8CE862}.Release|Any CPU.ActiveCfg = Release|Any CPU
		{65AF9AB4-607B-4F94-82C3-A66BCE8CE862}.Release|Any CPU.Build.0 = Release|Any CPU
		{CF482B5B-9D3A-42A5-8D05-95108553A158}.Debug|Any CPU.ActiveCfg = Debug|Any CPU
		{CF482B5B-9D3A-42A5-8D05-95108553A158}.Debug|Any CPU.Build.0 = Debug|Any CPU
		{CF482B5B-9D3A-42A5-8D05-95108553A158}.Release|Any CPU.ActiveCfg = Release|Any CPU
		{CF482B5B-9D3A-42A5-8D05-95108553A158}.Release|Any CPU.Build.0 = Release|Any CPU
		{F6F2778C-CFCA-4D29-9D7E-79D9DB7A45FC}.Debug|Any CPU.ActiveCfg = Debug|Any CPU
		{F6F2778C-CFCA-4D29-9D7E-79D9DB7A45FC}.Debug|Any CPU.Build.0 = Debug|Any CPU
		{F6F2778C-CFCA-4D29-9D7E-79D9DB7A45FC}.Release|Any CPU.ActiveCfg = Release|Any CPU
		{F6F2778C-CFCA-4D29-9D7E-79D9DB7A45FC}.Release|Any CPU.Build.0 = Release|Any CPU
		{AC4C724F-4BAA-428B-8F32-CD062E76695D}.Debug|Any CPU.ActiveCfg = Debug|Any CPU
		{AC4C724F-4BAA-428B-8F32-CD062E76695D}.Debug|Any CPU.Build.0 = Debug|Any CPU
		{AC4C724F-4BAA-428B-8F32-CD062E76695D}.Release|Any CPU.ActiveCfg = Release|Any CPU
		{AC4C724F-4BAA-428B-8F32-CD062E76695D}.Release|Any CPU.Build.0 = Release|Any CPU
		{0808BA99-8D75-43F1-997C-9FE3D4E54372}.Debug|Any CPU.ActiveCfg = Debug|Any CPU
		{0808BA99-8D75-43F1-997C-9FE3D4E54372}.Debug|Any CPU.Build.0 = Debug|Any CPU
		{0808BA99-8D75-43F1-997C-9FE3D4E54372}.Release|Any CPU.ActiveCfg = Release|Any CPU
		{0808BA99-8D75-43F1-997C-9FE3D4E54372}.Release|Any CPU.Build.0 = Release|Any CPU
		{914E2B4E-6488-4E16-9CCD-6AA0A888816D}.Debug|Any CPU.ActiveCfg = Debug|Any CPU
		{914E2B4E-6488-4E16-9CCD-6AA0A888816D}.Debug|Any CPU.Build.0 = Debug|Any CPU
		{914E2B4E-6488-4E16-9CCD-6AA0A888816D}.Release|Any CPU.ActiveCfg = Release|Any CPU
		{914E2B4E-6488-4E16-9CCD-6AA0A888816D}.Release|Any CPU.Build.0 = Release|Any CPU
		{C3F3D0E4-B737-4492-BC14-9FEB009DD466}.Debug|Any CPU.ActiveCfg = Debug|Any CPU
		{C3F3D0E4-B737-4492-BC14-9FEB009DD466}.Debug|Any CPU.Build.0 = Debug|Any CPU
		{C3F3D0E4-B737-4492-BC14-9FEB009DD466}.Release|Any CPU.ActiveCfg = Release|Any CPU
		{C3F3D0E4-B737-4492-BC14-9FEB009DD466}.Release|Any CPU.Build.0 = Release|Any CPU
	EndGlobalSection
	GlobalSection(SolutionProperties) = preSolution
		HideSolutionNode = FALSE
	EndGlobalSection
	GlobalSection(NestedProjects) = preSolution
		{E691E8CB-88C9-4540-B3B1-9684072C672C} = {621E4A59-DBEB-450C-BCF7-82FBA5B3914B}
		{615A0C56-F14F-4489-8E5B-C08FBE025293} = {621E4A59-DBEB-450C-BCF7-82FBA5B3914B}
		{65AF9AB4-607B-4F94-82C3-A66BCE8CE862} = {621E4A59-DBEB-450C-BCF7-82FBA5B3914B}
		{CF482B5B-9D3A-42A5-8D05-95108553A158} = {FFBAF97D-ADF6-4051-B227-E5987D1EC535}
		{F6F2778C-CFCA-4D29-9D7E-79D9DB7A45FC} = {FFBAF97D-ADF6-4051-B227-E5987D1EC535}
		{AC4C724F-4BAA-428B-8F32-CD062E76695D} = {FFBAF97D-ADF6-4051-B227-E5987D1EC535}
		{0808BA99-8D75-43F1-997C-9FE3D4E54372} = {286D7E34-66DF-41C7-A7EA-9934C58963C1}
		{914E2B4E-6488-4E16-9CCD-6AA0A888816D} = {286D7E34-66DF-41C7-A7EA-9934C58963C1}
		{C3F3D0E4-B737-4492-BC14-9FEB009DD466} = {286D7E34-66DF-41C7-A7EA-9934C58963C1}
	EndGlobalSection
	GlobalSection(ExtensibilityGlobals) = postSolution
		SolutionGuid = {5095FEF3-DC83-4608-85A7-2F9F7476F78F}
	EndGlobalSection
EndGlobal
